
Microsoft Visual Studio Solution File, Format Version 12.00
# Visual Studio Version 16
VisualStudioVersion = 16.0.31515.178
MinimumVisualStudioVersion = 10.0.40219.1
Project("{FAE04EC0-301F-11D3-BF4B-00C04F79EFBC}") = "MovieLib.ConsoleHost", "MovieLib.ConsoleHost\MovieLib.ConsoleHost.csproj", "{0100E6B0-527A-4A3B-87FA-5656D6578E9A}"
EndProject
Global
	GlobalSection(SolutionConfigurationPlatforms) = preSolution
		Debug|Any CPU = Debug|Any CPU
		Release|Any CPU = Release|Any CPU
	EndGlobalSection
	GlobalSection(ProjectConfigurationPlatforms) = postSolution
		{0100E6B0-527A-4A3B-87FA-5656D6578E9A}.Debug|Any CPU.ActiveCfg = Debug|Any CPU
		{0100E6B0-527A-4A3B-87FA-5656D6578E9A}.Debug|Any CPU.Build.0 = Debug|Any CPU
		{0100E6B0-527A-4A3B-87FA-5656D6578E9A}.Release|Any CPU.ActiveCfg = Release|Any CPU
		{0100E6B0-527A-4A3B-87FA-5656D6578E9A}.Release|Any CPU.Build.0 = Release|Any CPU
	EndGlobalSection
	GlobalSection(SolutionProperties) = preSolution
		HideSolutionNode = FALSE
	EndGlobalSection
	GlobalSection(ExtensibilityGlobals) = postSolution
		SolutionGuid = {01D70566-DFAE-4604-BFE1-A18E991364B0}
	EndGlobalSection
EndGlobal
